// !$*UTF8*$!
{
	archiveVersion = 1;
	classes = {
	};
	objectVersion = 46;
	objects = {

/* Begin PBXBuildFile section */
		CA29FE7417D85AEF0049EFD7 /* icon.png in Resources */ = {isa = PBXBuildFile; fileRef = CA29FE7217D85AEF0049EFD7 /* icon.png */; };
		CA29FE7517D85AEF0049EFD7 /* icon@2x.png in Resources */ = {isa = PBXBuildFile; fileRef = CA29FE7317D85AEF0049EFD7 /* icon@2x.png */; };
		CA475392181E5982000D1BD8 /* icon-120@2x.png in Resources */ = {isa = PBXBuildFile; fileRef = CA475391181E5982000D1BD8 /* icon-120@2x.png */; };
		CA8B84D1174DF84000F0C1D0 /* UIKit.framework in Frameworks */ = {isa = PBXBuildFile; fileRef = CA8B84D0174DF84000F0C1D0 /* UIKit.framework */; };
		CA8B84D3174DF84000F0C1D0 /* Foundation.framework in Frameworks */ = {isa = PBXBuildFile; fileRef = CA8B84D2174DF84000F0C1D0 /* Foundation.framework */; };
		CA8B84D5174DF84000F0C1D0 /* CoreGraphics.framework in Frameworks */ = {isa = PBXBuildFile; fileRef = CA8B84D4174DF84000F0C1D0 /* CoreGraphics.framework */; };
		CA8B84DB174DF84000F0C1D0 /* InfoPlist.strings in Resources */ = {isa = PBXBuildFile; fileRef = CA8B84D9174DF84000F0C1D0 /* InfoPlist.strings */; };
		CA8B84DD174DF84000F0C1D0 /* main.m in Sources */ = {isa = PBXBuildFile; fileRef = CA8B84DC174DF84000F0C1D0 /* main.m */; };
		CA8B84E1174DF84100F0C1D0 /* AppDelegate.m in Sources */ = {isa = PBXBuildFile; fileRef = CA8B84E0174DF84100F0C1D0 /* AppDelegate.m */; };
		CA8B84E3174DF84100F0C1D0 /* Default.png in Resources */ = {isa = PBXBuildFile; fileRef = CA8B84E2174DF84100F0C1D0 /* Default.png */; };
		CA8B84E5174DF84100F0C1D0 /* Default@2x.png in Resources */ = {isa = PBXBuildFile; fileRef = CA8B84E4174DF84100F0C1D0 /* Default@2x.png */; };
		CA8B84E7174DF84100F0C1D0 /* Default-568h@2x.png in Resources */ = {isa = PBXBuildFile; fileRef = CA8B84E6174DF84100F0C1D0 /* Default-568h@2x.png */; };
		CA8B84F6174DF86F00F0C1D0 /* ViewController.m in Sources */ = {isa = PBXBuildFile; fileRef = CA8B84F4174DF86F00F0C1D0 /* ViewController.m */; };
		CA8B84F7174DF86F00F0C1D0 /* ViewController.xib in Resources */ = {isa = PBXBuildFile; fileRef = CA8B84F5174DF86F00F0C1D0 /* ViewController.xib */; };
		CADFC6D0174DFF720057773D /* test.caf in Resources */ = {isa = PBXBuildFile; fileRef = CADFC6CF174DFF720057773D /* test.caf */; };
		CADFC6D2174E00110057773D /* AVFoundation.framework in Frameworks */ = {isa = PBXBuildFile; fileRef = CADFC6D1174E00110057773D /* AVFoundation.framework */; };
		CAEA461B174E471600490653 /* 15 Lazy.mp3 in Resources */ = {isa = PBXBuildFile; fileRef = CAEA461A174E471600490653 /* 15 Lazy.mp3 */; };
/* End PBXBuildFile section */

/* Begin PBXFileReference section */
		CA29FE7217D85AEF0049EFD7 /* icon.png */ = {isa = PBXFileReference; lastKnownFileType = image.png; path = icon.png; sourceTree = "<group>"; };
		CA29FE7317D85AEF0049EFD7 /* icon@2x.png */ = {isa = PBXFileReference; lastKnownFileType = image.png; path = "icon@2x.png"; sourceTree = "<group>"; };
		CA475391181E5982000D1BD8 /* icon-120@2x.png */ = {isa = PBXFileReference; lastKnownFileType = image.png; path = "icon-120@2x.png"; sourceTree = "<group>"; };
		CA8B84CD174DF84000F0C1D0 /* MusicPlayer.app */ = {isa = PBXFileReference; explicitFileType = wrapper.application; includeInIndex = 0; path = MusicPlayer.app; sourceTree = BUILT_PRODUCTS_DIR; };
		CA8B84D0174DF84000F0C1D0 /* UIKit.framework */ = {isa = PBXFileReference; lastKnownFileType = wrapper.framework; name = UIKit.framework; path = System/Library/Frameworks/UIKit.framework; sourceTree = SDKROOT; };
		CA8B84D2174DF84000F0C1D0 /* Foundation.framework */ = {isa = PBXFileReference; lastKnownFileType = wrapper.framework; name = Foundation.framework; path = System/Library/Frameworks/Foundation.framework; sourceTree = SDKROOT; };
		CA8B84D4174DF84000F0C1D0 /* CoreGraphics.framework */ = {isa = PBXFileReference; lastKnownFileType = wrapper.framework; name = CoreGraphics.framework; path = System/Library/Frameworks/CoreGraphics.framework; sourceTree = SDKROOT; };
		CA8B84D8174DF84000F0C1D0 /* MusicPlayer-Info.plist */ = {isa = PBXFileReference; lastKnownFileType = text.plist.xml; path = "MusicPlayer-Info.plist"; sourceTree = "<group>"; };
		CA8B84DA174DF84000F0C1D0 /* en */ = {isa = PBXFileReference; lastKnownFileType = text.plist.strings; name = en; path = en.lproj/InfoPlist.strings; sourceTree = "<group>"; };
		CA8B84DC174DF84000F0C1D0 /* main.m */ = {isa = PBXFileReference; lastKnownFileType = sourcecode.c.objc; path = main.m; sourceTree = "<group>"; };
		CA8B84DE174DF84000F0C1D0 /* MusicPlayer-Prefix.pch */ = {isa = PBXFileReference; lastKnownFileType = sourcecode.c.h; path = "MusicPlayer-Prefix.pch"; sourceTree = "<group>"; };
		CA8B84DF174DF84000F0C1D0 /* AppDelegate.h */ = {isa = PBXFileReference; lastKnownFileType = sourcecode.c.h; path = AppDelegate.h; sourceTree = "<group>"; };
		CA8B84E0174DF84100F0C1D0 /* AppDelegate.m */ = {isa = PBXFileReference; lastKnownFileType = sourcecode.c.objc; path = AppDelegate.m; sourceTree = "<group>"; };
		CA8B84E2174DF84100F0C1D0 /* Default.png */ = {isa = PBXFileReference; lastKnownFileType = image.png; path = Default.png; sourceTree = "<group>"; };
		CA8B84E4174DF84100F0C1D0 /* Default@2x.png */ = {isa = PBXFileReference; lastKnownFileType = image.png; path = "Default@2x.png"; sourceTree = "<group>"; };
		CA8B84E6174DF84100F0C1D0 /* Default-568h@2x.png */ = {isa = PBXFileReference; lastKnownFileType = image.png; path = "Default-568h@2x.png"; sourceTree = "<group>"; };
		CA8B84F3174DF86F00F0C1D0 /* ViewController.h */ = {isa = PBXFileReference; fileEncoding = 4; lastKnownFileType = sourcecode.c.h; path = ViewController.h; sourceTree = "<group>"; };
		CA8B84F4174DF86F00F0C1D0 /* ViewController.m */ = {isa = PBXFileReference; fileEncoding = 4; lastKnownFileType = sourcecode.c.objc; path = ViewController.m; sourceTree = "<group>"; };
		CA8B84F5174DF86F00F0C1D0 /* ViewController.xib */ = {isa = PBXFileReference; fileEncoding = 4; lastKnownFileType = file.xib; path = ViewController.xib; sourceTree = "<group>"; };
		CADFC6CF174DFF720057773D /* test.caf */ = {isa = PBXFileReference; lastKnownFileType = file; path = test.caf; sourceTree = "<group>"; };
		CADFC6D1174E00110057773D /* AVFoundation.framework */ = {isa = PBXFileReference; lastKnownFileType = wrapper.framework; name = AVFoundation.framework; path = System/Library/Frameworks/AVFoundation.framework; sourceTree = SDKROOT; };
		CAEA461A174E471600490653 /* 15 Lazy.mp3 */ = {isa = PBXFileReference; lastKnownFileType = audio.mp3; path = "15 Lazy.mp3"; sourceTree = "<group>"; };
/* End PBXFileReference section */

/* Begin PBXFrameworksBuildPhase section */
		CA8B84CA174DF84000F0C1D0 /* Frameworks */ = {
			isa = PBXFrameworksBuildPhase;
			buildActionMask = 2147483647;
			files = (
				CADFC6D2174E00110057773D /* AVFoundation.framework in Frameworks */,
				CA8B84D1174DF84000F0C1D0 /* UIKit.framework in Frameworks */,
				CA8B84D3174DF84000F0C1D0 /* Foundation.framework in Frameworks */,
				CA8B84D5174DF84000F0C1D0 /* CoreGraphics.framework in Frameworks */,
			);
			runOnlyForDeploymentPostprocessing = 0;
		};
/* End PBXFrameworksBuildPhase section */

/* Begin PBXGroup section */
		CA8B84C4174DF84000F0C1D0 = {
			isa = PBXGroup;
			children = (
				CA8B84D6174DF84000F0C1D0 /* MusicPlayer */,
				CA8B84CF174DF84000F0C1D0 /* Frameworks */,
				CA8B84CE174DF84000F0C1D0 /* Products */,
			);
			sourceTree = "<group>";
		};
		CA8B84CE174DF84000F0C1D0 /* Products */ = {
			isa = PBXGroup;
			children = (
				CA8B84CD174DF84000F0C1D0 /* MusicPlayer.app */,
			);
			name = Products;
			sourceTree = "<group>";
		};
		CA8B84CF174DF84000F0C1D0 /* Frameworks */ = {
			isa = PBXGroup;
			children = (
				CADFC6D1174E00110057773D /* AVFoundation.framework */,
				CA8B84D0174DF84000F0C1D0 /* UIKit.framework */,
				CA8B84D2174DF84000F0C1D0 /* Foundation.framework */,
				CA8B84D4174DF84000F0C1D0 /* CoreGraphics.framework */,
			);
			name = Frameworks;
			sourceTree = "<group>";
		};
		CA8B84D6174DF84000F0C1D0 /* MusicPlayer */ = {
			isa = PBXGroup;
			children = (
				CADFC6CE174DFF720057773D /* resource */,
				CA8B84DF174DF84000F0C1D0 /* AppDelegate.h */,
				CA8B84E0174DF84100F0C1D0 /* AppDelegate.m */,
				CA8B84D7174DF84000F0C1D0 /* Supporting Files */,
				CA8B84F3174DF86F00F0C1D0 /* ViewController.h */,
				CA8B84F4174DF86F00F0C1D0 /* ViewController.m */,
				CA8B84F5174DF86F00F0C1D0 /* ViewController.xib */,
			);
			path = MusicPlayer;
			sourceTree = "<group>";
		};
		CA8B84D7174DF84000F0C1D0 /* Supporting Files */ = {
			isa = PBXGroup;
			children = (
				CA475391181E5982000D1BD8 /* icon-120@2x.png */,
				CA29FE7217D85AEF0049EFD7 /* icon.png */,
				CA29FE7317D85AEF0049EFD7 /* icon@2x.png */,
				CA8B84D8174DF84000F0C1D0 /* MusicPlayer-Info.plist */,
				CA8B84D9174DF84000F0C1D0 /* InfoPlist.strings */,
				CA8B84DC174DF84000F0C1D0 /* main.m */,
				CA8B84DE174DF84000F0C1D0 /* MusicPlayer-Prefix.pch */,
				CA8B84E2174DF84100F0C1D0 /* Default.png */,
				CA8B84E4174DF84100F0C1D0 /* Default@2x.png */,
				CA8B84E6174DF84100F0C1D0 /* Default-568h@2x.png */,
			);
			name = "Supporting Files";
			sourceTree = "<group>";
		};
		CADFC6CE174DFF720057773D /* resource */ = {
			isa = PBXGroup;
			children = (
				CADFC6CF174DFF720057773D /* test.caf */,
				CAEA461A174E471600490653 /* 15 Lazy.mp3 */,
			);
			path = resource;
			sourceTree = "<group>";
		};
/* End PBXGroup section */

/* Begin PBXNativeTarget section */
		CA8B84CC174DF84000F0C1D0 /* MusicPlayer */ = {
			isa = PBXNativeTarget;
			buildConfigurationList = CA8B84F0174DF84100F0C1D0 /* Build configuration list for PBXNativeTarget "MusicPlayer" */;
			buildPhases = (
				CA8B84C9174DF84000F0C1D0 /* Sources */,
				CA8B84CA174DF84000F0C1D0 /* Frameworks */,
				CA8B84CB174DF84000F0C1D0 /* Resources */,
			);
			buildRules = (
			);
			dependencies = (
			);
			name = MusicPlayer;
			productName = MusicPlayer;
			productReference = CA8B84CD174DF84000F0C1D0 /* MusicPlayer.app */;
			productType = "com.apple.product-type.application";
		};
/* End PBXNativeTarget section */

/* Begin PBXProject section */
		CA8B84C5174DF84000F0C1D0 /* Project object */ = {
			isa = PBXProject;
			attributes = {
				LastUpgradeCheck = 0460;
				ORGANIZATIONNAME = tonyguan;
			};
			buildConfigurationList = CA8B84C8174DF84000F0C1D0 /* Build configuration list for PBXProject "MusicPlayer" */;
			compatibilityVersion = "Xcode 3.2";
			developmentRegion = English;
			hasScannedForEncodings = 0;
			knownRegions = (
				en,
			);
			mainGroup = CA8B84C4174DF84000F0C1D0;
			productRefGroup = CA8B84CE174DF84000F0C1D0 /* Products */;
			projectDirPath = "";
			projectRoot = "";
			targets = (
				CA8B84CC174DF84000F0C1D0 /* MusicPlayer */,
			);
		};
/* End PBXProject section */

/* Begin PBXResourcesBuildPhase section */
		CA8B84CB174DF84000F0C1D0 /* Resources */ = {
			isa = PBXResourcesBuildPhase;
			buildActionMask = 2147483647;
			files = (
				CA8B84DB174DF84000F0C1D0 /* InfoPlist.strings in Resources */,
				CA8B84E3174DF84100F0C1D0 /* Default.png in Resources */,
				CA8B84E5174DF84100F0C1D0 /* Default@2x.png in Resources */,
				CA8B84E7174DF84100F0C1D0 /* Default-568h@2x.png in Resources */,
				CA29FE7417D85AEF0049EFD7 /* icon.png in Resources */,
				CA8B84F7174DF86F00F0C1D0 /* ViewController.xib in Resources */,
				CADFC6D0174DFF720057773D /* test.caf in Resources */,
				CAEA461B174E471600490653 /* 15 Lazy.mp3 in Resources */,
				CA29FE7517D85AEF0049EFD7 /* icon@2x.png in Resources */,
				CA475392181E5982000D1BD8 /* icon-120@2x.png in Resources */,
			);
			runOnlyForDeploymentPostprocessing = 0;
		};
/* End PBXResourcesBuildPhase section */

/* Begin PBXSourcesBuildPhase section */
		CA8B84C9174DF84000F0C1D0 /* Sources */ = {
			isa = PBXSourcesBuildPhase;
			buildActionMask = 2147483647;
			files = (
				CA8B84DD174DF84000F0C1D0 /* main.m in Sources */,
				CA8B84E1174DF84100F0C1D0 /* AppDelegate.m in Sources */,
				CA8B84F6174DF86F00F0C1D0 /* ViewController.m in Sources */,
			);
			runOnlyForDeploymentPostprocessing = 0;
		};
/* End PBXSourcesBuildPhase section */

/* Begin PBXVariantGroup section */
		CA8B84D9174DF84000F0C1D0 /* InfoPlist.strings */ = {
			isa = PBXVariantGroup;
			children = (
				CA8B84DA174DF84000F0C1D0 /* en */,
			);
			name = InfoPlist.strings;
			sourceTree = "<group>";
		};
/* End PBXVariantGroup section */

/* Begin XCBuildConfiguration section */
		CA8B84EE174DF84100F0C1D0 /* Debug */ = {
			isa = XCBuildConfiguration;
			buildSettings = {
				ALWAYS_SEARCH_USER_PATHS = NO;
				CLANG_CXX_LANGUAGE_STANDARD = "gnu++0x";
				CLANG_CXX_LIBRARY = "libc++";
				CLANG_WARN_CONSTANT_CONVERSION = YES;
				CLANG_WARN_EMPTY_BODY = YES;
				CLANG_WARN_ENUM_CONVERSION = YES;
				CLANG_WARN_INT_CONVERSION = YES;
				CLANG_WARN__DUPLICATE_METHOD_MATCH = YES;
				"CODE_SIGN_IDENTITY[sdk=iphoneos*]" = "iPhone Developer";
				COPY_PHASE_STRIP = NO;
				GCC_C_LANGUAGE_STANDARD = gnu99;
				GCC_DYNAMIC_NO_PIC = NO;
				GCC_OPTIMIZATION_LEVEL = 0;
				GCC_PREPROCESSOR_DEFINITIONS = (
					"DEBUG=1",
					"$(inherited)",
				);
				GCC_SYMBOLS_PRIVATE_EXTERN = NO;
				GCC_WARN_ABOUT_RETURN_TYPE = YES;
				GCC_WARN_UNINITIALIZED_AUTOS = YES;
				GCC_WARN_UNUSED_VARIABLE = YES;
				IPHONEOS_DEPLOYMENT_TARGET = 6.1;
				ONLY_ACTIVE_ARCH = YES;
				SDKROOT = iphoneos;
			};
			name = Debug;
		};
		CA8B84EF174DF84100F0C1D0 /* Release */ = {
			isa = XCBuildConfiguration;
			buildSettings = {
				ALWAYS_SEARCH_USER_PATHS = NO;
				CLANG_CXX_LANGUAGE_STANDARD = "gnu++0x";
				CLANG_CXX_LIBRARY = "libc++";
				CLANG_WARN_CONSTANT_CONVERSION = YES;
				CLANG_WARN_EMPTY_BODY = YES;
				CLANG_WARN_ENUM_CONVERSION = YES;
				CLANG_WARN_INT_CONVERSION = YES;
				CLANG_WARN__DUPLICATE_METHOD_MATCH = YES;
				"CODE_SIGN_IDENTITY[sdk=iphoneos*]" = "iPhone Developer";
				COPY_PHASE_STRIP = YES;
				GCC_C_LANGUAGE_STANDARD = gnu99;
				GCC_WARN_ABOUT_RETURN_TYPE = YES;
				GCC_WARN_UNINITIALIZED_AUTOS = YES;
				GCC_WARN_UNUSED_VARIABLE = YES;
				IPHONEOS_DEPLOYMENT_TARGET = 6.1;
				OTHER_CFLAGS = "-DNS_BLOCK_ASSERTIONS=1";
				SDKROOT = iphoneos;
				VALIDATE_PRODUCT = YES;
			};
			name = Release;
		};
		CA8B84F1174DF84100F0C1D0 /* Debug */ = {
			isa = XCBuildConfiguration;
			buildSettings = {
				CLANG_ENABLE_OBJC_ARC = NO;
				GCC_PRECOMPILE_PREFIX_HEADER = YES;
				GCC_PREFIX_HEADER = "MusicPlayer/MusicPlayer-Prefix.pch";
				INFOPLIST_FILE = "MusicPlayer/MusicPlayer-Info.plist";
				PRODUCT_NAME = "$(TARGET_NAME)";
				WRAPPER_EXTENSION = app;
			};
			name = Debug;
		};
		CA8B84F2174DF84100F0C1D0 /* Release */ = {
			isa = XCBuildConfiguration;
			buildSettings = {
				CLANG_ENABLE_OBJC_ARC = NO;
				GCC_PRECOMPILE_PREFIX_HEADER = YES;
				GCC_PREFIX_HEADER = "MusicPlayer/MusicPlayer-Prefix.pch";
				INFOPLIST_FILE = "MusicPlayer/MusicPlayer-Info.plist";
				PRODUCT_NAME = "$(TARGET_NAME)";
				WRAPPER_EXTENSION = app;
			};
			name = Release;
		};
/* End XCBuildConfiguration section */

/* Begin XCConfigurationList section */
		CA8B84C8174DF84000F0C1D0 /* Build configuration list for PBXProject "MusicPlayer" */ = {
			isa = XCConfigurationList;
			buildConfigurations = (
				CA8B84EE174DF84100F0C1D0 /* Debug */,
				CA8B84EF174DF84100F0C1D0 /* Release */,
			);
			defaultConfigurationIsVisible = 0;
			defaultConfigurationName = Release;
		};
		CA8B84F0174DF84100F0C1D0 /* Build configuration list for PBXNativeTarget "MusicPlayer" */ = {
			isa = XCConfigurationList;
			buildConfigurations = (
				CA8B84F1174DF84100F0C1D0 /* Debug */,
				CA8B84F2174DF84100F0C1D0 /* Release */,
			);
			defaultConfigurationIsVisible = 0;
			defaultConfigurationName = Release;
		};
/* End XCConfigurationList section */
	};
	rootObject = CA8B84C5174DF84000F0C1D0 /* Project object */;
}
