// !$*UTF8*$!
{
	archiveVersion = 1;
	classes = {
	};
	objectVersion = 46;
	objects = {

/* Begin PBXBuildFile section */
		CA172734173E98E700622146 /* UIKit.framework in Frameworks */ = {isa = PBXBuildFile; fileRef = CA172733173E98E700622146 /* UIKit.framework */; };
		CA172736173E98E700622146 /* Foundation.framework in Frameworks */ = {isa = PBXBuildFile; fileRef = CA172735173E98E700622146 /* Foundation.framework */; };
		CA172738173E98E700622146 /* CoreGraphics.framework in Frameworks */ = {isa = PBXBuildFile; fileRef = CA172737173E98E700622146 /* CoreGraphics.framework */; };
		CA17273E173E98E700622146 /* InfoPlist.strings in Resources */ = {isa = PBXBuildFile; fileRef = CA17273C173E98E700622146 /* InfoPlist.strings */; };
		CA172740173E98E700622146 /* main.m in Sources */ = {isa = PBXBuildFile; fileRef = CA17273F173E98E700622146 /* main.m */; };
		CA172744173E98E700622146 /* AppDelegate.m in Sources */ = {isa = PBXBuildFile; fileRef = CA172743173E98E700622146 /* AppDelegate.m */; };
		CA172746173E98E700622146 /* Default.png in Resources */ = {isa = PBXBuildFile; fileRef = CA172745173E98E700622146 /* Default.png */; };
		CA172748173E98E700622146 /* Default@2x.png in Resources */ = {isa = PBXBuildFile; fileRef = CA172747173E98E700622146 /* Default@2x.png */; };
		CA17274A173E98E700622146 /* Default-568h@2x.png in Resources */ = {isa = PBXBuildFile; fileRef = CA172749173E98E700622146 /* Default-568h@2x.png */; };
		CA172752173E992900622146 /* ViewController.m in Sources */ = {isa = PBXBuildFile; fileRef = CA172751173E992900622146 /* ViewController.m */; };
		CA172773173E993E00622146 /* 10010.png in Resources */ = {isa = PBXBuildFile; fileRef = CA172754173E993E00622146 /* 10010.png */; };
		CA172774173E993E00622146 /* 10011.png in Resources */ = {isa = PBXBuildFile; fileRef = CA172755173E993E00622146 /* 10011.png */; };
		CA172775173E993E00622146 /* 10012.png in Resources */ = {isa = PBXBuildFile; fileRef = CA172756173E993E00622146 /* 10012.png */; };
		CA172776173E993E00622146 /* 10013.png in Resources */ = {isa = PBXBuildFile; fileRef = CA172757173E993E00622146 /* 10013.png */; };
		CA172777173E993E00622146 /* 10014.png in Resources */ = {isa = PBXBuildFile; fileRef = CA172758173E993E00622146 /* 10014.png */; };
		CA172778173E993E00622146 /* 10015.png in Resources */ = {isa = PBXBuildFile; fileRef = CA172759173E993E00622146 /* 10015.png */; };
		CA172779173E993E00622146 /* 10016.png in Resources */ = {isa = PBXBuildFile; fileRef = CA17275A173E993E00622146 /* 10016.png */; };
		CA17277A173E993E00622146 /* 10017.png in Resources */ = {isa = PBXBuildFile; fileRef = CA17275B173E993E00622146 /* 10017.png */; };
		CA17277B173E993E00622146 /* 10018.png in Resources */ = {isa = PBXBuildFile; fileRef = CA17275C173E993E00622146 /* 10018.png */; };
		CA17277C173E993E00622146 /* 10019.png in Resources */ = {isa = PBXBuildFile; fileRef = CA17275D173E993E00622146 /* 10019.png */; };
		CA17277D173E993E00622146 /* 10020.png in Resources */ = {isa = PBXBuildFile; fileRef = CA17275E173E993E00622146 /* 10020.png */; };
		CA17277E173E993E00622146 /* 10021.png in Resources */ = {isa = PBXBuildFile; fileRef = CA17275F173E993E00622146 /* 10021.png */; };
		CA17277F173E993E00622146 /* 10022.png in Resources */ = {isa = PBXBuildFile; fileRef = CA172760173E993E00622146 /* 10022.png */; };
		CA172780173E993E00622146 /* 10023.png in Resources */ = {isa = PBXBuildFile; fileRef = CA172761173E993E00622146 /* 10023.png */; };
		CA172781173E993E00622146 /* 10024.png in Resources */ = {isa = PBXBuildFile; fileRef = CA172762173E993E00622146 /* 10024.png */; };
		CA172782173E993E00622146 /* 10025.png in Resources */ = {isa = PBXBuildFile; fileRef = CA172763173E993E00622146 /* 10025.png */; };
		CA172783173E993E00622146 /* 10026.png in Resources */ = {isa = PBXBuildFile; fileRef = CA172764173E993E00622146 /* 10026.png */; };
		CA172784173E993E00622146 /* 10027.png in Resources */ = {isa = PBXBuildFile; fileRef = CA172765173E993E00622146 /* 10027.png */; };
		CA172785173E993E00622146 /* 10028.png in Resources */ = {isa = PBXBuildFile; fileRef = CA172766173E993E00622146 /* 10028.png */; };
		CA172786173E993E00622146 /* 10029.png in Resources */ = {isa = PBXBuildFile; fileRef = CA172767173E993E00622146 /* 10029.png */; };
		CA172787173E993E00622146 /* 10030.png in Resources */ = {isa = PBXBuildFile; fileRef = CA172768173E993E00622146 /* 10030.png */; };
		CA172788173E993E00622146 /* 10031.png in Resources */ = {isa = PBXBuildFile; fileRef = CA172769173E993E00622146 /* 10031.png */; };
		CA172789173E993E00622146 /* 10032.png in Resources */ = {isa = PBXBuildFile; fileRef = CA17276A173E993E00622146 /* 10032.png */; };
		CA17278A173E993E00622146 /* 10033.png in Resources */ = {isa = PBXBuildFile; fileRef = CA17276B173E993E00622146 /* 10033.png */; };
		CA17278B173E993E00622146 /* 10034.png in Resources */ = {isa = PBXBuildFile; fileRef = CA17276C173E993E00622146 /* 10034.png */; };
		CA17278C173E993E00622146 /* 10035.png in Resources */ = {isa = PBXBuildFile; fileRef = CA17276D173E993E00622146 /* 10035.png */; };
		CA17278D173E993E00622146 /* 10036.png in Resources */ = {isa = PBXBuildFile; fileRef = CA17276E173E993E00622146 /* 10036.png */; };
		CA17278E173E993E00622146 /* 10037.png in Resources */ = {isa = PBXBuildFile; fileRef = CA17276F173E993E00622146 /* 10037.png */; };
		CA17278F173E993E00622146 /* 10038.png in Resources */ = {isa = PBXBuildFile; fileRef = CA172770173E993E00622146 /* 10038.png */; };
		CA172790173E993E00622146 /* 10039.png in Resources */ = {isa = PBXBuildFile; fileRef = CA172771173E993E00622146 /* 10039.png */; };
		CA172791173E993E00622146 /* 10040.png in Resources */ = {isa = PBXBuildFile; fileRef = CA172772173E993E00622146 /* 10040.png */; };
		CA172793173E99C200622146 /* CoreMedia.framework in Frameworks */ = {isa = PBXBuildFile; fileRef = CA172792173E99C200622146 /* CoreMedia.framework */; };
		CA172795173E99CC00622146 /* CoreVideo.framework in Frameworks */ = {isa = PBXBuildFile; fileRef = CA172794173E99CC00622146 /* CoreVideo.framework */; };
		CA172797173E99D300622146 /* AVFoundation.framework in Frameworks */ = {isa = PBXBuildFile; fileRef = CA172796173E99D300622146 /* AVFoundation.framework */; };
		CA4753A0181E6699000D1BD8 /* icon-120@2x.png in Resources */ = {isa = PBXBuildFile; fileRef = CA47539F181E6699000D1BD8 /* icon-120@2x.png */; };
		CA7A537E17D8467B009AAB2B /* icon.png in Resources */ = {isa = PBXBuildFile; fileRef = CA7A537C17D8467B009AAB2B /* icon.png */; };
		CA7A537F17D8467B009AAB2B /* icon@2x.png in Resources */ = {isa = PBXBuildFile; fileRef = CA7A537D17D8467B009AAB2B /* icon@2x.png */; };
/* End PBXBuildFile section */

/* Begin PBXFileReference section */
		CA172730173E98E700622146 /* Ballon.app */ = {isa = PBXFileReference; explicitFileType = wrapper.application; includeInIndex = 0; path = Ballon.app; sourceTree = BUILT_PRODUCTS_DIR; };
		CA172733173E98E700622146 /* UIKit.framework */ = {isa = PBXFileReference; lastKnownFileType = wrapper.framework; name = UIKit.framework; path = System/Library/Frameworks/UIKit.framework; sourceTree = SDKROOT; };
		CA172735173E98E700622146 /* Foundation.framework */ = {isa = PBXFileReference; lastKnownFileType = wrapper.framework; name = Foundation.framework; path = System/Library/Frameworks/Foundation.framework; sourceTree = SDKROOT; };
		CA172737173E98E700622146 /* CoreGraphics.framework */ = {isa = PBXFileReference; lastKnownFileType = wrapper.framework; name = CoreGraphics.framework; path = System/Library/Frameworks/CoreGraphics.framework; sourceTree = SDKROOT; };
		CA17273B173E98E700622146 /* Ballon-Info.plist */ = {isa = PBXFileReference; lastKnownFileType = text.plist.xml; path = "Ballon-Info.plist"; sourceTree = "<group>"; };
		CA17273D173E98E700622146 /* en */ = {isa = PBXFileReference; lastKnownFileType = text.plist.strings; name = en; path = en.lproj/InfoPlist.strings; sourceTree = "<group>"; };
		CA17273F173E98E700622146 /* main.m */ = {isa = PBXFileReference; lastKnownFileType = sourcecode.c.objc; path = main.m; sourceTree = "<group>"; };
		CA172741173E98E700622146 /* Ballon-Prefix.pch */ = {isa = PBXFileReference; lastKnownFileType = sourcecode.c.h; path = "Ballon-Prefix.pch"; sourceTree = "<group>"; };
		CA172742173E98E700622146 /* AppDelegate.h */ = {isa = PBXFileReference; lastKnownFileType = sourcecode.c.h; path = AppDelegate.h; sourceTree = "<group>"; };
		CA172743173E98E700622146 /* AppDelegate.m */ = {isa = PBXFileReference; lastKnownFileType = sourcecode.c.objc; path = AppDelegate.m; sourceTree = "<group>"; };
		CA172745173E98E700622146 /* Default.png */ = {isa = PBXFileReference; lastKnownFileType = image.png; path = Default.png; sourceTree = "<group>"; };
		CA172747173E98E700622146 /* Default@2x.png */ = {isa = PBXFileReference; lastKnownFileType = image.png; path = "Default@2x.png"; sourceTree = "<group>"; };
		CA172749173E98E700622146 /* Default-568h@2x.png */ = {isa = PBXFileReference; lastKnownFileType = image.png; path = "Default-568h@2x.png"; sourceTree = "<group>"; };
		CA172750173E992900622146 /* ViewController.h */ = {isa = PBXFileReference; fileEncoding = 4; lastKnownFileType = sourcecode.c.h; path = ViewController.h; sourceTree = "<group>"; };
		CA172751173E992900622146 /* ViewController.m */ = {isa = PBXFileReference; fileEncoding = 4; lastKnownFileType = sourcecode.c.objc; path = ViewController.m; sourceTree = "<group>"; };
		CA172754173E993E00622146 /* 10010.png */ = {isa = PBXFileReference; lastKnownFileType = image.png; path = 10010.png; sourceTree = "<group>"; };
		CA172755173E993E00622146 /* 10011.png */ = {isa = PBXFileReference; lastKnownFileType = image.png; path = 10011.png; sourceTree = "<group>"; };
		CA172756173E993E00622146 /* 10012.png */ = {isa = PBXFileReference; lastKnownFileType = image.png; path = 10012.png; sourceTree = "<group>"; };
		CA172757173E993E00622146 /* 10013.png */ = {isa = PBXFileReference; lastKnownFileType = image.png; path = 10013.png; sourceTree = "<group>"; };
		CA172758173E993E00622146 /* 10014.png */ = {isa = PBXFileReference; lastKnownFileType = image.png; path = 10014.png; sourceTree = "<group>"; };
		CA172759173E993E00622146 /* 10015.png */ = {isa = PBXFileReference; lastKnownFileType = image.png; path = 10015.png; sourceTree = "<group>"; };
		CA17275A173E993E00622146 /* 10016.png */ = {isa = PBXFileReference; lastKnownFileType = image.png; path = 10016.png; sourceTree = "<group>"; };
		CA17275B173E993E00622146 /* 10017.png */ = {isa = PBXFileReference; lastKnownFileType = image.png; path = 10017.png; sourceTree = "<group>"; };
		CA17275C173E993E00622146 /* 10018.png */ = {isa = PBXFileReference; lastKnownFileType = image.png; path = 10018.png; sourceTree = "<group>"; };
		CA17275D173E993E00622146 /* 10019.png */ = {isa = PBXFileReference; lastKnownFileType = image.png; path = 10019.png; sourceTree = "<group>"; };
		CA17275E173E993E00622146 /* 10020.png */ = {isa = PBXFileReference; lastKnownFileType = image.png; path = 10020.png; sourceTree = "<group>"; };
		CA17275F173E993E00622146 /* 10021.png */ = {isa = PBXFileReference; lastKnownFileType = image.png; path = 10021.png; sourceTree = "<group>"; };
		CA172760173E993E00622146 /* 10022.png */ = {isa = PBXFileReference; lastKnownFileType = image.png; path = 10022.png; sourceTree = "<group>"; };
		CA172761173E993E00622146 /* 10023.png */ = {isa = PBXFileReference; lastKnownFileType = image.png; path = 10023.png; sourceTree = "<group>"; };
		CA172762173E993E00622146 /* 10024.png */ = {isa = PBXFileReference; lastKnownFileType = image.png; path = 10024.png; sourceTree = "<group>"; };
		CA172763173E993E00622146 /* 10025.png */ = {isa = PBXFileReference; lastKnownFileType = image.png; path = 10025.png; sourceTree = "<group>"; };
		CA172764173E993E00622146 /* 10026.png */ = {isa = PBXFileReference; lastKnownFileType = image.png; path = 10026.png; sourceTree = "<group>"; };
		CA172765173E993E00622146 /* 10027.png */ = {isa = PBXFileReference; lastKnownFileType = image.png; path = 10027.png; sourceTree = "<group>"; };
		CA172766173E993E00622146 /* 10028.png */ = {isa = PBXFileReference; lastKnownFileType = image.png; path = 10028.png; sourceTree = "<group>"; };
		CA172767173E993E00622146 /* 10029.png */ = {isa = PBXFileReference; lastKnownFileType = image.png; path = 10029.png; sourceTree = "<group>"; };
		CA172768173E993E00622146 /* 10030.png */ = {isa = PBXFileReference; lastKnownFileType = image.png; path = 10030.png; sourceTree = "<group>"; };
		CA172769173E993E00622146 /* 10031.png */ = {isa = PBXFileReference; lastKnownFileType = image.png; path = 10031.png; sourceTree = "<group>"; };
		CA17276A173E993E00622146 /* 10032.png */ = {isa = PBXFileReference; lastKnownFileType = image.png; path = 10032.png; sourceTree = "<group>"; };
		CA17276B173E993E00622146 /* 10033.png */ = {isa = PBXFileReference; lastKnownFileType = image.png; path = 10033.png; sourceTree = "<group>"; };
		CA17276C173E993E00622146 /* 10034.png */ = {isa = PBXFileReference; lastKnownFileType = image.png; path = 10034.png; sourceTree = "<group>"; };
		CA17276D173E993E00622146 /* 10035.png */ = {isa = PBXFileReference; lastKnownFileType = image.png; path = 10035.png; sourceTree = "<group>"; };
		CA17276E173E993E00622146 /* 10036.png */ = {isa = PBXFileReference; lastKnownFileType = image.png; path = 10036.png; sourceTree = "<group>"; };
		CA17276F173E993E00622146 /* 10037.png */ = {isa = PBXFileReference; lastKnownFileType = image.png; path = 10037.png; sourceTree = "<group>"; };
		CA172770173E993E00622146 /* 10038.png */ = {isa = PBXFileReference; lastKnownFileType = image.png; path = 10038.png; sourceTree = "<group>"; };
		CA172771173E993E00622146 /* 10039.png */ = {isa = PBXFileReference; lastKnownFileType = image.png; path = 10039.png; sourceTree = "<group>"; };
		CA172772173E993E00622146 /* 10040.png */ = {isa = PBXFileReference; lastKnownFileType = image.png; path = 10040.png; sourceTree = "<group>"; };
		CA172792173E99C200622146 /* CoreMedia.framework */ = {isa = PBXFileReference; lastKnownFileType = wrapper.framework; name = CoreMedia.framework; path = System/Library/Frameworks/CoreMedia.framework; sourceTree = SDKROOT; };
		CA172794173E99CC00622146 /* CoreVideo.framework */ = {isa = PBXFileReference; lastKnownFileType = wrapper.framework; name = CoreVideo.framework; path = System/Library/Frameworks/CoreVideo.framework; sourceTree = SDKROOT; };
		CA172796173E99D300622146 /* AVFoundation.framework */ = {isa = PBXFileReference; lastKnownFileType = wrapper.framework; name = AVFoundation.framework; path = System/Library/Frameworks/AVFoundation.framework; sourceTree = SDKROOT; };
		CA47539F181E6699000D1BD8 /* icon-120@2x.png */ = {isa = PBXFileReference; lastKnownFileType = image.png; path = "icon-120@2x.png"; sourceTree = "<group>"; };
		CA7A537C17D8467B009AAB2B /* icon.png */ = {isa = PBXFileReference; lastKnownFileType = image.png; path = icon.png; sourceTree = "<group>"; };
		CA7A537D17D8467B009AAB2B /* icon@2x.png */ = {isa = PBXFileReference; lastKnownFileType = image.png; path = "icon@2x.png"; sourceTree = "<group>"; };
/* End PBXFileReference section */

/* Begin PBXFrameworksBuildPhase section */
		CA17272D173E98E700622146 /* Frameworks */ = {
			isa = PBXFrameworksBuildPhase;
			buildActionMask = 2147483647;
			files = (
				CA172797173E99D300622146 /* AVFoundation.framework in Frameworks */,
				CA172795173E99CC00622146 /* CoreVideo.framework in Frameworks */,
				CA172793173E99C200622146 /* CoreMedia.framework in Frameworks */,
				CA172734173E98E700622146 /* UIKit.framework in Frameworks */,
				CA172736173E98E700622146 /* Foundation.framework in Frameworks */,
				CA172738173E98E700622146 /* CoreGraphics.framework in Frameworks */,
			);
			runOnlyForDeploymentPostprocessing = 0;
		};
/* End PBXFrameworksBuildPhase section */

/* Begin PBXGroup section */
		CA172727173E98E700622146 = {
			isa = PBXGroup;
			children = (
				CA172739173E98E700622146 /* Ballon */,
				CA172732173E98E700622146 /* Frameworks */,
				CA172731173E98E700622146 /* Products */,
			);
			sourceTree = "<group>";
		};
		CA172731173E98E700622146 /* Products */ = {
			isa = PBXGroup;
			children = (
				CA172730173E98E700622146 /* Ballon.app */,
			);
			name = Products;
			sourceTree = "<group>";
		};
		CA172732173E98E700622146 /* Frameworks */ = {
			isa = PBXGroup;
			children = (
				CA172796173E99D300622146 /* AVFoundation.framework */,
				CA172794173E99CC00622146 /* CoreVideo.framework */,
				CA172792173E99C200622146 /* CoreMedia.framework */,
				CA172733173E98E700622146 /* UIKit.framework */,
				CA172735173E98E700622146 /* Foundation.framework */,
				CA172737173E98E700622146 /* CoreGraphics.framework */,
			);
			name = Frameworks;
			sourceTree = "<group>";
		};
		CA172739173E98E700622146 /* Ballon */ = {
			isa = PBXGroup;
			children = (
				CA172742173E98E700622146 /* AppDelegate.h */,
				CA172750173E992900622146 /* ViewController.h */,
				CA172743173E98E700622146 /* AppDelegate.m */,
				CA172751173E992900622146 /* ViewController.m */,
				CA172753173E993E00622146 /* images */,
				CA17273A173E98E700622146 /* Supporting Files */,
			);
			path = Ballon;
			sourceTree = "<group>";
		};
		CA17273A173E98E700622146 /* Supporting Files */ = {
			isa = PBXGroup;
			children = (
				CA47539F181E6699000D1BD8 /* icon-120@2x.png */,
				CA7A537C17D8467B009AAB2B /* icon.png */,
				CA7A537D17D8467B009AAB2B /* icon@2x.png */,
				CA17273B173E98E700622146 /* Ballon-Info.plist */,
				CA17273C173E98E700622146 /* InfoPlist.strings */,
				CA17273F173E98E700622146 /* main.m */,
				CA172741173E98E700622146 /* Ballon-Prefix.pch */,
				CA172745173E98E700622146 /* Default.png */,
				CA172747173E98E700622146 /* Default@2x.png */,
				CA172749173E98E700622146 /* Default-568h@2x.png */,
			);
			name = "Supporting Files";
			sourceTree = "<group>";
		};
		CA172753173E993E00622146 /* images */ = {
			isa = PBXGroup;
			children = (
				CA172754173E993E00622146 /* 10010.png */,
				CA172755173E993E00622146 /* 10011.png */,
				CA172756173E993E00622146 /* 10012.png */,
				CA172757173E993E00622146 /* 10013.png */,
				CA172758173E993E00622146 /* 10014.png */,
				CA172759173E993E00622146 /* 10015.png */,
				CA17275A173E993E00622146 /* 10016.png */,
				CA17275B173E993E00622146 /* 10017.png */,
				CA17275C173E993E00622146 /* 10018.png */,
				CA17275D173E993E00622146 /* 10019.png */,
				CA17275E173E993E00622146 /* 10020.png */,
				CA17275F173E993E00622146 /* 10021.png */,
				CA172760173E993E00622146 /* 10022.png */,
				CA172761173E993E00622146 /* 10023.png */,
				CA172762173E993E00622146 /* 10024.png */,
				CA172763173E993E00622146 /* 10025.png */,
				CA172764173E993E00622146 /* 10026.png */,
				CA172765173E993E00622146 /* 10027.png */,
				CA172766173E993E00622146 /* 10028.png */,
				CA172767173E993E00622146 /* 10029.png */,
				CA172768173E993E00622146 /* 10030.png */,
				CA172769173E993E00622146 /* 10031.png */,
				CA17276A173E993E00622146 /* 10032.png */,
				CA17276B173E993E00622146 /* 10033.png */,
				CA17276C173E993E00622146 /* 10034.png */,
				CA17276D173E993E00622146 /* 10035.png */,
				CA17276E173E993E00622146 /* 10036.png */,
				CA17276F173E993E00622146 /* 10037.png */,
				CA172770173E993E00622146 /* 10038.png */,
				CA172771173E993E00622146 /* 10039.png */,
				CA172772173E993E00622146 /* 10040.png */,
			);
			path = images;
			sourceTree = "<group>";
		};
/* End PBXGroup section */

/* Begin PBXNativeTarget section */
		CA17272F173E98E700622146 /* Ballon */ = {
			isa = PBXNativeTarget;
			buildConfigurationList = CA17274D173E98E700622146 /* Build configuration list for PBXNativeTarget "Ballon" */;
			buildPhases = (
				CA17272C173E98E700622146 /* Sources */,
				CA17272D173E98E700622146 /* Frameworks */,
				CA17272E173E98E700622146 /* Resources */,
			);
			buildRules = (
			);
			dependencies = (
			);
			name = Ballon;
			productName = Ballon;
			productReference = CA172730173E98E700622146 /* Ballon.app */;
			productType = "com.apple.product-type.application";
		};
/* End PBXNativeTarget section */

/* Begin PBXProject section */
		CA172728173E98E700622146 /* Project object */ = {
			isa = PBXProject;
			attributes = {
				LastUpgradeCheck = 0460;
				ORGANIZATIONNAME = tonyguan;
			};
			buildConfigurationList = CA17272B173E98E700622146 /* Build configuration list for PBXProject "Ballon" */;
			compatibilityVersion = "Xcode 3.2";
			developmentRegion = English;
			hasScannedForEncodings = 0;
			knownRegions = (
				en,
			);
			mainGroup = CA172727173E98E700622146;
			productRefGroup = CA172731173E98E700622146 /* Products */;
			projectDirPath = "";
			projectRoot = "";
			targets = (
				CA17272F173E98E700622146 /* Ballon */,
			);
		};
/* End PBXProject section */

/* Begin PBXResourcesBuildPhase section */
		CA17272E173E98E700622146 /* Resources */ = {
			isa = PBXResourcesBuildPhase;
			buildActionMask = 2147483647;
			files = (
				CA17273E173E98E700622146 /* InfoPlist.strings in Resources */,
				CA172746173E98E700622146 /* Default.png in Resources */,
				CA172748173E98E700622146 /* Default@2x.png in Resources */,
				CA17274A173E98E700622146 /* Default-568h@2x.png in Resources */,
				CA172773173E993E00622146 /* 10010.png in Resources */,
				CA172774173E993E00622146 /* 10011.png in Resources */,
				CA172775173E993E00622146 /* 10012.png in Resources */,
				CA172776173E993E00622146 /* 10013.png in Resources */,
				CA172777173E993E00622146 /* 10014.png in Resources */,
				CA172778173E993E00622146 /* 10015.png in Resources */,
				CA172779173E993E00622146 /* 10016.png in Resources */,
				CA17277A173E993E00622146 /* 10017.png in Resources */,
				CA17277B173E993E00622146 /* 10018.png in Resources */,
				CA17277C173E993E00622146 /* 10019.png in Resources */,
				CA17277D173E993E00622146 /* 10020.png in Resources */,
				CA17277E173E993E00622146 /* 10021.png in Resources */,
				CA17277F173E993E00622146 /* 10022.png in Resources */,
				CA172780173E993E00622146 /* 10023.png in Resources */,
				CA172781173E993E00622146 /* 10024.png in Resources */,
				CA172782173E993E00622146 /* 10025.png in Resources */,
				CA7A537E17D8467B009AAB2B /* icon.png in Resources */,
				CA172783173E993E00622146 /* 10026.png in Resources */,
				CA172784173E993E00622146 /* 10027.png in Resources */,
				CA172785173E993E00622146 /* 10028.png in Resources */,
				CA7A537F17D8467B009AAB2B /* icon@2x.png in Resources */,
				CA172786173E993E00622146 /* 10029.png in Resources */,
				CA172787173E993E00622146 /* 10030.png in Resources */,
				CA172788173E993E00622146 /* 10031.png in Resources */,
				CA172789173E993E00622146 /* 10032.png in Resources */,
				CA4753A0181E6699000D1BD8 /* icon-120@2x.png in Resources */,
				CA17278A173E993E00622146 /* 10033.png in Resources */,
				CA17278B173E993E00622146 /* 10034.png in Resources */,
				CA17278C173E993E00622146 /* 10035.png in Resources */,
				CA17278D173E993E00622146 /* 10036.png in Resources */,
				CA17278E173E993E00622146 /* 10037.png in Resources */,
				CA17278F173E993E00622146 /* 10038.png in Resources */,
				CA172790173E993E00622146 /* 10039.png in Resources */,
				CA172791173E993E00622146 /* 10040.png in Resources */,
			);
			runOnlyForDeploymentPostprocessing = 0;
		};
/* End PBXResourcesBuildPhase section */

/* Begin PBXSourcesBuildPhase section */
		CA17272C173E98E700622146 /* Sources */ = {
			isa = PBXSourcesBuildPhase;
			buildActionMask = 2147483647;
			files = (
				CA172740173E98E700622146 /* main.m in Sources */,
				CA172744173E98E700622146 /* AppDelegate.m in Sources */,
				CA172752173E992900622146 /* ViewController.m in Sources */,
			);
			runOnlyForDeploymentPostprocessing = 0;
		};
/* End PBXSourcesBuildPhase section */

/* Begin PBXVariantGroup section */
		CA17273C173E98E700622146 /* InfoPlist.strings */ = {
			isa = PBXVariantGroup;
			children = (
				CA17273D173E98E700622146 /* en */,
			);
			name = InfoPlist.strings;
			sourceTree = "<group>";
		};
/* End PBXVariantGroup section */

/* Begin XCBuildConfiguration section */
		CA17274B173E98E700622146 /* Debug */ = {
			isa = XCBuildConfiguration;
			buildSettings = {
				ALWAYS_SEARCH_USER_PATHS = NO;
				CLANG_CXX_LANGUAGE_STANDARD = "gnu++0x";
				CLANG_CXX_LIBRARY = "libc++";
				CLANG_ENABLE_OBJC_ARC = YES;
				CLANG_WARN_CONSTANT_CONVERSION = YES;
				CLANG_WARN_EMPTY_BODY = YES;
				CLANG_WARN_ENUM_CONVERSION = YES;
				CLANG_WARN_INT_CONVERSION = YES;
				CLANG_WARN__DUPLICATE_METHOD_MATCH = YES;
				"CODE_SIGN_IDENTITY[sdk=iphoneos*]" = "iPhone Developer";
				COPY_PHASE_STRIP = NO;
				GCC_C_LANGUAGE_STANDARD = gnu99;
				GCC_DYNAMIC_NO_PIC = NO;
				GCC_OPTIMIZATION_LEVEL = 0;
				GCC_PREPROCESSOR_DEFINITIONS = (
					"DEBUG=1",
					"$(inherited)",
				);
				GCC_SYMBOLS_PRIVATE_EXTERN = NO;
				GCC_WARN_ABOUT_RETURN_TYPE = YES;
				GCC_WARN_UNINITIALIZED_AUTOS = YES;
				GCC_WARN_UNUSED_VARIABLE = YES;
				IPHONEOS_DEPLOYMENT_TARGET = 6.1;
				ONLY_ACTIVE_ARCH = YES;
				SDKROOT = iphoneos;
			};
			name = Debug;
		};
		CA17274C173E98E700622146 /* Release */ = {
			isa = XCBuildConfiguration;
			buildSettings = {
				ALWAYS_SEARCH_USER_PATHS = NO;
				CLANG_CXX_LANGUAGE_STANDARD = "gnu++0x";
				CLANG_CXX_LIBRARY = "libc++";
				CLANG_ENABLE_OBJC_ARC = YES;
				CLANG_WARN_CONSTANT_CONVERSION = YES;
				CLANG_WARN_EMPTY_BODY = YES;
				CLANG_WARN_ENUM_CONVERSION = YES;
				CLANG_WARN_INT_CONVERSION = YES;
				CLANG_WARN__DUPLICATE_METHOD_MATCH = YES;
				"CODE_SIGN_IDENTITY[sdk=iphoneos*]" = "iPhone Developer";
				COPY_PHASE_STRIP = YES;
				GCC_C_LANGUAGE_STANDARD = gnu99;
				GCC_WARN_ABOUT_RETURN_TYPE = YES;
				GCC_WARN_UNINITIALIZED_AUTOS = YES;
				GCC_WARN_UNUSED_VARIABLE = YES;
				IPHONEOS_DEPLOYMENT_TARGET = 6.1;
				OTHER_CFLAGS = "-DNS_BLOCK_ASSERTIONS=1";
				SDKROOT = iphoneos;
				VALIDATE_PRODUCT = YES;
			};
			name = Release;
		};
		CA17274E173E98E700622146 /* Debug */ = {
			isa = XCBuildConfiguration;
			buildSettings = {
				GCC_PRECOMPILE_PREFIX_HEADER = YES;
				GCC_PREFIX_HEADER = "Ballon/Ballon-Prefix.pch";
				INFOPLIST_FILE = "Ballon/Ballon-Info.plist";
				PRODUCT_NAME = "$(TARGET_NAME)";
				WRAPPER_EXTENSION = app;
			};
			name = Debug;
		};
		CA17274F173E98E700622146 /* Release */ = {
			isa = XCBuildConfiguration;
			buildSettings = {
				GCC_PRECOMPILE_PREFIX_HEADER = YES;
				GCC_PREFIX_HEADER = "Ballon/Ballon-Prefix.pch";
				INFOPLIST_FILE = "Ballon/Ballon-Info.plist";
				PRODUCT_NAME = "$(TARGET_NAME)";
				WRAPPER_EXTENSION = app;
			};
			name = Release;
		};
/* End XCBuildConfiguration section */

/* Begin XCConfigurationList section */
		CA17272B173E98E700622146 /* Build configuration list for PBXProject "Ballon" */ = {
			isa = XCConfigurationList;
			buildConfigurations = (
				CA17274B173E98E700622146 /* Debug */,
				CA17274C173E98E700622146 /* Release */,
			);
			defaultConfigurationIsVisible = 0;
			defaultConfigurationName = Release;
		};
		CA17274D173E98E700622146 /* Build configuration list for PBXNativeTarget "Ballon" */ = {
			isa = XCConfigurationList;
			buildConfigurations = (
				CA17274E173E98E700622146 /* Debug */,
				CA17274F173E98E700622146 /* Release */,
			);
			defaultConfigurationIsVisible = 0;
			defaultConfigurationName = Release;
		};
/* End XCConfigurationList section */
	};
	rootObject = CA172728173E98E700622146 /* Project object */;
}
